// !$*UTF8*$!
{
	archiveVersion = 1;
	classes = {
	};
	objectVersion = 46;
	objects = {

/* Begin PBXBuildFile section */
		222784099E29A5BB827CDD44 /* Pods_HMPhotoBrowser.framework in Frameworks */ = {isa = PBXBuildFile; fileRef = E45CFE3131DB15C9E4719108 /* Pods_HMPhotoBrowser.framework */; };
		C25A03741C8E002E008092BC /* main.m in Sources */ = {isa = PBXBuildFile; fileRef = C25A03731C8E002E008092BC /* main.m */; };
		C25A03771C8E002E008092BC /* AppDelegate.m in Sources */ = {isa = PBXBuildFile; fileRef = C25A03761C8E002E008092BC /* AppDelegate.m */; };
		C25A037D1C8E002E008092BC /* Main.storyboard in Resources */ = {isa = PBXBuildFile; fileRef = C25A037B1C8E002E008092BC /* Main.storyboard */; };
		C25A037F1C8E002E008092BC /* Assets.xcassets in Resources */ = {isa = PBXBuildFile; fileRef = C25A037E1C8E002E008092BC /* Assets.xcassets */; };
		C25A03821C8E002E008092BC /* LaunchScreen.storyboard in Resources */ = {isa = PBXBuildFile; fileRef = C25A03801C8E002E008092BC /* LaunchScreen.storyboard */; };
		C25A038B1C8E03C9008092BC /* MainViewController.m in Sources */ = {isa = PBXBuildFile; fileRef = C25A038A1C8E03C9008092BC /* MainViewController.m */; };
/* End PBXBuildFile section */

/* Begin PBXFileReference section */
		4D6063B3CA3FEDE34FEB9EC2 /* Pods-HMPhotoBrowser.debug.xcconfig */ = {isa = PBXFileReference; includeInIndex = 1; lastKnownFileType = text.xcconfig; name = "Pods-HMPhotoBrowser.debug.xcconfig"; path = "Pods/Target Support Files/Pods-HMPhotoBrowser/Pods-HMPhotoBrowser.debug.xcconfig"; sourceTree = "<group>"; };
		81CA52F2C25512C02B8B74A7 /* Pods-HMPhotoBrowser.release.xcconfig */ = {isa = PBXFileReference; includeInIndex = 1; lastKnownFileType = text.xcconfig; name = "Pods-HMPhotoBrowser.release.xcconfig"; path = "Pods/Target Support Files/Pods-HMPhotoBrowser/Pods-HMPhotoBrowser.release.xcconfig"; sourceTree = "<group>"; };
		C25A036F1C8E002E008092BC /* HMPhotoBrowser.app */ = {isa = PBXFileReference; explicitFileType = wrapper.application; includeInIndex = 0; path = HMPhotoBrowser.app; sourceTree = BUILT_PRODUCTS_DIR; };
		C25A03731C8E002E008092BC /* main.m */ = {isa = PBXFileReference; lastKnownFileType = sourcecode.c.objc; path = main.m; sourceTree = "<group>"; };
		C25A03751C8E002E008092BC /* AppDelegate.h */ = {isa = PBXFileReference; lastKnownFileType = sourcecode.c.h; path = AppDelegate.h; sourceTree = "<group>"; };
		C25A03761C8E002E008092BC /* AppDelegate.m */ = {isa = PBXFileReference; lastKnownFileType = sourcecode.c.objc; path = AppDelegate.m; sourceTree = "<group>"; };
		C25A037C1C8E002E008092BC /* Base */ = {isa = PBXFileReference; lastKnownFileType = file.storyboard; name = Base; path = Base.lproj/Main.storyboard; sourceTree = "<group>"; };
		C25A037E1C8E002E008092BC /* Assets.xcassets */ = {isa = PBXFileReference; lastKnownFileType = folder.assetcatalog; path = Assets.xcassets; sourceTree = "<group>"; };
		C25A03811C8E002E008092BC /* Base */ = {isa = PBXFileReference; lastKnownFileType = file.storyboard; name = Base; path = Base.lproj/LaunchScreen.storyboard; sourceTree = "<group>"; };
		C25A03831C8E002E008092BC /* Info.plist */ = {isa = PBXFileReference; lastKnownFileType = text.plist.xml; path = Info.plist; sourceTree = "<group>"; };
		C25A03891C8E03C9008092BC /* MainViewController.h */ = {isa = PBXFileReference; fileEncoding = 4; lastKnownFileType = sourcecode.c.h; path = MainViewController.h; sourceTree = "<group>"; };
		C25A038A1C8E03C9008092BC /* MainViewController.m */ = {isa = PBXFileReference; fileEncoding = 4; lastKnownFileType = sourcecode.c.objc; path = MainViewController.m; sourceTree = "<group>"; };
		E45CFE3131DB15C9E4719108 /* Pods_HMPhotoBrowser.framework */ = {isa = PBXFileReference; explicitFileType = wrapper.framework; includeInIndex = 0; path = Pods_HMPhotoBrowser.framework; sourceTree = BUILT_PRODUCTS_DIR; };
/* End PBXFileReference section */

/* Begin PBXFrameworksBuildPhase section */
		C25A036C1C8E002E008092BC /* Frameworks */ = {
			isa = PBXFrameworksBuildPhase;
			buildActionMask = 2147483647;
			files = (
				222784099E29A5BB827CDD44 /* Pods_HMPhotoBrowser.framework in Frameworks */,
			);
			runOnlyForDeploymentPostprocessing = 0;
		};
/* End PBXFrameworksBuildPhase section */

/* Begin PBXGroup section */
		1A2191051E4E044E223BDE53 /* Frameworks */ = {
			isa = PBXGroup;
			children = (
				E45CFE3131DB15C9E4719108 /* Pods_HMPhotoBrowser.framework */,
			);
			name = Frameworks;
			sourceTree = "<group>";
		};
		2C41A8F90455CAF208A62989 /* Pods */ = {
			isa = PBXGroup;
			children = (
				4D6063B3CA3FEDE34FEB9EC2 /* Pods-HMPhotoBrowser.debug.xcconfig */,
				81CA52F2C25512C02B8B74A7 /* Pods-HMPhotoBrowser.release.xcconfig */,
			);
			name = Pods;
			sourceTree = "<group>";
		};
		C25A03661C8E002E008092BC = {
			isa = PBXGroup;
			children = (
				C25A03711C8E002E008092BC /* HMPhotoBrowser */,
				C25A03701C8E002E008092BC /* Products */,
				2C41A8F90455CAF208A62989 /* Pods */,
				1A2191051E4E044E223BDE53 /* Frameworks */,
			);
			sourceTree = "<group>";
		};
		C25A03701C8E002E008092BC /* Products */ = {
			isa = PBXGroup;
			children = (
				C25A036F1C8E002E008092BC /* HMPhotoBrowser.app */,
			);
			name = Products;
			sourceTree = "<group>";
		};
		C25A03711C8E002E008092BC /* HMPhotoBrowser */ = {
			isa = PBXGroup;
			children = (
				C25A03751C8E002E008092BC /* AppDelegate.h */,
				C25A03761C8E002E008092BC /* AppDelegate.m */,
				C25A03891C8E03C9008092BC /* MainViewController.h */,
				C25A038A1C8E03C9008092BC /* MainViewController.m */,
				C25A037B1C8E002E008092BC /* Main.storyboard */,
				C25A037E1C8E002E008092BC /* Assets.xcassets */,
				C25A03801C8E002E008092BC /* LaunchScreen.storyboard */,
				C25A03831C8E002E008092BC /* Info.plist */,
				C25A03721C8E002E008092BC /* Supporting Files */,
			);
			path = HMPhotoBrowser;
			sourceTree = "<group>";
		};
		C25A03721C8E002E008092BC /* Supporting Files */ = {
			isa = PBXGroup;
			children = (
				C25A03731C8E002E008092BC /* main.m */,
			);
			name = "Supporting Files";
			sourceTree = "<group>";
		};
/* End PBXGroup section */

/* Begin PBXNativeTarget section */
		C25A036E1C8E002E008092BC /* HMPhotoBrowser */ = {
			isa = PBXNativeTarget;
			buildConfigurationList = C25A03861C8E002E008092BC /* Build configuration list for PBXNativeTarget "HMPhotoBrowser" */;
			buildPhases = (
				760AB834CFBDDBAE73255F85 /* Check Pods Manifest.lock */,
				C25A036B1C8E002E008092BC /* Sources */,
				C25A036C1C8E002E008092BC /* Frameworks */,
				C25A036D1C8E002E008092BC /* Resources */,
				1505E33951E90457053771E3 /* Embed Pods Frameworks */,
				552C385BA6967AACE98DFE6C /* Copy Pods Resources */,
			);
			buildRules = (
			);
			dependencies = (
			);
			name = HMPhotoBrowser;
			productName = HMPhotoBrowser;
			productReference = C25A036F1C8E002E008092BC /* HMPhotoBrowser.app */;
			productType = "com.apple.product-type.application";
		};
/* End PBXNativeTarget section */

/* Begin PBXProject section */
		C25A03671C8E002E008092BC /* Project object */ = {
			isa = PBXProject;
			attributes = {
				LastUpgradeCheck = 0720;
				ORGANIZATIONNAME = itcast;
				TargetAttributes = {
					C25A036E1C8E002E008092BC = {
						CreatedOnToolsVersion = 7.2.1;
					};
				};
			};
			buildConfigurationList = C25A036A1C8E002E008092BC /* Build configuration list for PBXProject "HMPhotoBrowser" */;
			compatibilityVersion = "Xcode 3.2";
			developmentRegion = English;
			hasScannedForEncodings = 0;
			knownRegions = (
				en,
				Base,
			);
			mainGroup = C25A03661C8E002E008092BC;
			productRefGroup = C25A03701C8E002E008092BC /* Products */;
			projectDirPath = "";
			projectRoot = "";
			targets = (
				C25A036E1C8E002E008092BC /* HMPhotoBrowser */,
			);
		};
/* End PBXProject section */

/* Begin PBXResourcesBuildPhase section */
		C25A036D1C8E002E008092BC /* Resources */ = {
			isa = PBXResourcesBuildPhase;
			buildActionMask = 2147483647;
			files = (
				C25A03821C8E002E008092BC /* LaunchScreen.storyboard in Resources */,
				C25A037F1C8E002E008092BC /* Assets.xcassets in Resources */,
				C25A037D1C8E002E008092BC /* Main.storyboard in Resources */,
			);
			runOnlyForDeploymentPostprocessing = 0;
		};
/* End PBXResourcesBuildPhase section */

/* Begin PBXShellScriptBuildPhase section */
		1505E33951E90457053771E3 /* Embed Pods Frameworks */ = {
			isa = PBXShellScriptBuildPhase;
			buildActionMask = 2147483647;
			files = (
			);
			inputPaths = (
			);
			name = "Embed Pods Frameworks";
			outputPaths = (
			);
			runOnlyForDeploymentPostprocessing = 0;
			shellPath = /bin/sh;
			shellScript = "\"${SRCROOT}/Pods/Target Support Files/Pods-HMPhotoBrowser/Pods-HMPhotoBrowser-frameworks.sh\"\n";
			showEnvVarsInLog = 0;
		};
		552C385BA6967AACE98DFE6C /* Copy Pods Resources */ = {
			isa = PBXShellScriptBuildPhase;
			buildActionMask = 2147483647;
			files = (
			);
			inputPaths = (
			);
			name = "Copy Pods Resources";
			outputPaths = (
			);
			runOnlyForDeploymentPostprocessing = 0;
			shellPath = /bin/sh;
			shellScript = "\"${SRCROOT}/Pods/Target Support Files/Pods-HMPhotoBrowser/Pods-HMPhotoBrowser-resources.sh\"\n";
			showEnvVarsInLog = 0;
		};
		760AB834CFBDDBAE73255F85 /* Check Pods Manifest.lock */ = {
			isa = PBXShellScriptBuildPhase;
			buildActionMask = 2147483647;
			files = (
			);
			inputPaths = (
			);
			name = "Check Pods Manifest.lock";
			outputPaths = (
			);
			runOnlyForDeploymentPostprocessing = 0;
			shellPath = /bin/sh;
			shellScript = "diff \"${PODS_ROOT}/../Podfile.lock\" \"${PODS_ROOT}/Manifest.lock\" > /dev/null\nif [[ $? != 0 ]] ; then\n    cat << EOM\nerror: The sandbox is not in sync with the Podfile.lock. Run 'pod install' or update your CocoaPods installation.\nEOM\n    exit 1\nfi\n";
			showEnvVarsInLog = 0;
		};
/* End PBXShellScriptBuildPhase section */

/* Begin PBXSourcesBuildPhase section */
		C25A036B1C8E002E008092BC /* Sources */ = {
			isa = PBXSourcesBuildPhase;
			buildActionMask = 2147483647;
			files = (
				C25A03771C8E002E008092BC /* AppDelegate.m in Sources */,
				C25A038B1C8E03C9008092BC /* MainViewController.m in Sources */,
				C25A03741C8E002E008092BC /* main.m in Sources */,
			);
			runOnlyForDeploymentPostprocessing = 0;
		};
/* End PBXSourcesBuildPhase section */

/* Begin PBXVariantGroup section */
		C25A037B1C8E002E008092BC /* Main.storyboard */ = {
			isa = PBXVariantGroup;
			children = (
				C25A037C1C8E002E008092BC /* Base */,
			);
			name = Main.storyboard;
			sourceTree = "<group>";
		};
		C25A03801C8E002E008092BC /* LaunchScreen.storyboard */ = {
			isa = PBXVariantGroup;
			children = (
				C25A03811C8E002E008092BC /* Base */,
			);
			name = LaunchScreen.storyboard;
			sourceTree = "<group>";
		};
/* End PBXVariantGroup section */

/* Begin XCBuildConfiguration section */
		C25A03841C8E002E008092BC /* Debug */ = {
			isa = XCBuildConfiguration;
			buildSettings = {
				ALWAYS_SEARCH_USER_PATHS = NO;
				CLANG_CXX_LANGUAGE_STANDARD = "gnu++0x";
				CLANG_CXX_LIBRARY = "libc++";
				CLANG_ENABLE_MODULES = YES;
				CLANG_ENABLE_OBJC_ARC = YES;
				CLANG_WARN_BOOL_CONVERSION = YES;
				CLANG_WARN_CONSTANT_CONVERSION = YES;
				CLANG_WARN_DIRECT_OBJC_ISA_USAGE = YES_ERROR;
				CLANG_WARN_EMPTY_BODY = YES;
				CLANG_WARN_ENUM_CONVERSION = YES;
				CLANG_WARN_INT_CONVERSION = YES;
				CLANG_WARN_OBJC_ROOT_CLASS = YES_ERROR;
				CLANG_WARN_UNREACHABLE_CODE = YES;
				CLANG_WARN__DUPLICATE_METHOD_MATCH = YES;
				"CODE_SIGN_IDENTITY[sdk=iphoneos*]" = "iPhone Developer";
				COPY_PHASE_STRIP = NO;
				DEBUG_INFORMATION_FORMAT = dwarf;
				ENABLE_STRICT_OBJC_MSGSEND = YES;
				ENABLE_TESTABILITY = YES;
				GCC_C_LANGUAGE_STANDARD = gnu99;
				GCC_DYNAMIC_NO_PIC = NO;
				GCC_NO_COMMON_BLOCKS = YES;
				GCC_OPTIMIZATION_LEVEL = 0;
				GCC_PREPROCESSOR_DEFINITIONS = (
					"DEBUG=1",
					"$(inherited)",
				);
				GCC_WARN_64_TO_32_BIT_CONVERSION = YES;
				GCC_WARN_ABOUT_RETURN_TYPE = YES_ERROR;
				GCC_WARN_UNDECLARED_SELECTOR = YES;
				GCC_WARN_UNINITIALIZED_AUTOS = YES_AGGRESSIVE;
				GCC_WARN_UNUSED_FUNCTION = YES;
				GCC_WARN_UNUSED_VARIABLE = YES;
				IPHONEOS_DEPLOYMENT_TARGET = 9.2;
				MTL_ENABLE_DEBUG_INFO = YES;
				ONLY_ACTIVE_ARCH = YES;
				SDKROOT = iphoneos;
			};
			name = Debug;
		};
		C25A03851C8E002E008092BC /* Release */ = {
			isa = XCBuildConfiguration;
			buildSettings = {
				ALWAYS_SEARCH_USER_PATHS = NO;
				CLANG_CXX_LANGUAGE_STANDARD = "gnu++0x";
				CLANG_CXX_LIBRARY = "libc++";
				CLANG_ENABLE_MODULES = YES;
				CLANG_ENABLE_OBJC_ARC = YES;
				CLANG_WARN_BOOL_CONVERSION = YES;
				CLANG_WARN_CONSTANT_CONVERSION = YES;
				CLANG_WARN_DIRECT_OBJC_ISA_USAGE = YES_ERROR;
				CLANG_WARN_EMPTY_BODY = YES;
				CLANG_WARN_ENUM_CONVERSION = YES;
				CLANG_WARN_INT_CONVERSION = YES;
				CLANG_WARN_OBJC_ROOT_CLASS = YES_ERROR;
				CLANG_WARN_UNREACHABLE_CODE = YES;
				CLANG_WARN__DUPLICATE_METHOD_MATCH = YES;
				"CODE_SIGN_IDENTITY[sdk=iphoneos*]" = "iPhone Developer";
				COPY_PHASE_STRIP = NO;
				DEBUG_INFORMATION_FORMAT = "dwarf-with-dsym";
				ENABLE_NS_ASSERTIONS = NO;
				ENABLE_STRICT_OBJC_MSGSEND = YES;
				GCC_C_LANGUAGE_STANDARD = gnu99;
				GCC_NO_COMMON_BLOCKS = YES;
				GCC_WARN_64_TO_32_BIT_CONVERSION = YES;
				GCC_WARN_ABOUT_RETURN_TYPE = YES_ERROR;
				GCC_WARN_UNDECLARED_SELECTOR = YES;
				GCC_WARN_UNINITIALIZED_AUTOS = YES_AGGRESSIVE;
				GCC_WARN_UNUSED_FUNCTION = YES;
				GCC_WARN_UNUSED_VARIABLE = YES;
				IPHONEOS_DEPLOYMENT_TARGET = 9.2;
				MTL_ENABLE_DEBUG_INFO = NO;
				SDKROOT = iphoneos;
				VALIDATE_PRODUCT = YES;
			};
			name = Release;
		};
		C25A03871C8E002E008092BC /* Debug */ = {
			isa = XCBuildConfiguration;
			baseConfigurationReference = 4D6063B3CA3FEDE34FEB9EC2 /* Pods-HMPhotoBrowser.debug.xcconfig */;
			buildSettings = {
				ASSETCATALOG_COMPILER_APPICON_NAME = AppIcon;
				INFOPLIST_FILE = HMPhotoBrowser/Info.plist;
				LD_RUNPATH_SEARCH_PATHS = "$(inherited) @executable_path/Frameworks";
				PRODUCT_BUNDLE_IDENTIFIER = cn.itcast.HMPhotoBrowser;
				PRODUCT_NAME = "$(TARGET_NAME)";
			};
			name = Debug;
		};
		C25A03881C8E002E008092BC /* Release */ = {
			isa = XCBuildConfiguration;
			baseConfigurationReference = 81CA52F2C25512C02B8B74A7 /* Pods-HMPhotoBrowser.release.xcconfig */;
			buildSettings = {
				ASSETCATALOG_COMPILER_APPICON_NAME = AppIcon;
				INFOPLIST_FILE = HMPhotoBrowser/Info.plist;
				LD_RUNPATH_SEARCH_PATHS = "$(inherited) @executable_path/Frameworks";
				PRODUCT_BUNDLE_IDENTIFIER = cn.itcast.HMPhotoBrowser;
				PRODUCT_NAME = "$(TARGET_NAME)";
			};
			name = Release;
		};
/* End XCBuildConfiguration section */

/* Begin XCConfigurationList section */
		C25A036A1C8E002E008092BC /* Build configuration list for PBXProject "HMPhotoBrowser" */ = {
			isa = XCConfigurationList;
			buildConfigurations = (
				C25A03841C8E002E008092BC /* Debug */,
				C25A03851C8E002E008092BC /* Release */,
			);
			defaultConfigurationIsVisible = 0;
			defaultConfigurationName = Release;
		};
		C25A03861C8E002E008092BC /* Build configuration list for PBXNativeTarget "HMPhotoBrowser" */ = {
			isa = XCConfigurationList;
			buildConfigurations = (
				C25A03871C8E002E008092BC /* Debug */,
				C25A03881C8E002E008092BC /* Release */,
			);
			defaultConfigurationIsVisible = 0;
			defaultConfigurationName = Release;
		};
/* End XCConfigurationList section */
	};
	rootObject = C25A03671C8E002E008092BC /* Project object */;
}
